{
  "nodes": {
    "flake-utils": {
      "locked": {
        "lastModified": 1656928814,
        "narHash": "sha256-RIFfgBuKz6Hp89yRr7+NR5tzIAbn52h8vT6vXkYjZoM=",
        "owner": "numtide",
        "repo": "flake-utils",
        "rev": "7e2a3b3dfd9af950a856d66b0a7d01e3c18aa249",
        "type": "github"
      },
      "original": {
        "owner": "numtide",
        "repo": "flake-utils",
        "type": "github"
      }
    },
    "flake-utils_2": {
      "locked": {
        "lastModified": 1656065134,
        "narHash": "sha256-oc6E6ByIw3oJaIyc67maaFcnjYOz1mMcOtHxbEf9NwQ=",
        "owner": "numtide",
        "repo": "flake-utils",
        "rev": "bee6a7250dd1b01844a2de7e02e4df7d8a0a206c",
        "type": "github"
      },
      "original": {
        "owner": "numtide",
        "repo": "flake-utils",
        "type": "github"
      }
    },
    "nixpkgs": {
      "locked": {
        "lastModified": 1656782578,
        "narHash": "sha256-1eMCBEqJplPotTo/SZ/t5HU6Sf2I8qKlZi9MX7jv9fw=",
        "owner": "NixOS",
        "repo": "nixpkgs",
        "rev": "573603b7fdb9feb0eb8efc16ee18a015c667ab1b",
        "type": "github"
      },
      "original": {
        "owner": "NixOS",
        "ref": "nixos-21.11",
        "repo": "nixpkgs",
        "type": "github"
      }
    },
    "nixpkgs-with-lm4tools": {
      "locked": {
        "lastModified": 1653918389,
        "narHash": "sha256-1qL6GtW+OkKJsR75lnkU6WXAtD94B+byCXqZLCeYDEw=",
        "owner": "rrbutani",
        "repo": "nixpkgs",
        "rev": "85d9d30d44b212497d5a069da40787f814232240",
        "type": "github"
      },
      "original": {
        "owner": "rrbutani",
        "ref": "feature/lm4tools",
        "repo": "nixpkgs",
        "type": "github"
      }
    },
    "nixpkgs_2": {
      "locked": {
        "lastModified": 1656401090,
        "narHash": "sha256-bUS2nfQsvTQW2z8SK7oEFSElbmoBahOPtbXPm0AL3I4=",
        "owner": "NixOS",
        "repo": "nixpkgs",
        "rev": "16de63fcc54e88b9a106a603038dd5dd2feb21eb",
        "type": "github"
      },
      "original": {
        "owner": "NixOS",
        "ref": "nixpkgs-unstable",
        "repo": "nixpkgs",
        "type": "github"
      }
    },
    "nur": {
      "locked": {
        "lastModified": 1657213987,
        "narHash": "sha256-phrU2NUM+irG3Ra7enlm8ecq3j2PwAcclf6ZEeth6rU=",
        "owner": "nix-community",
        "repo": "NUR",
        "rev": "365c1505667a2bfbc03518c07580038458e894b0",
        "type": "github"
      },
      "original": {
        "owner": "nix-community",
        "repo": "NUR",
        "type": "github"
      }
    },
    "root": {
      "inputs": {
        "flake-utils": "flake-utils",
        "nixpkgs": "nixpkgs",
        "nixpkgs-with-lm4tools": "nixpkgs-with-lm4tools",
        "nur": "nur",
        "rust-overlay": "rust-overlay"
      }
    },
    "rust-overlay": {
      "inputs": {
        "flake-utils": "flake-utils_2",
        "nixpkgs": "nixpkgs_2"
      },
      "locked": {
        "lastModified": 1657162416,
        "narHash": "sha256-5HckhpteVHcb++qPFw8L9bHd/B1EAzQxDeAPXAKML70=",
        "owner": "oxalica",
        "repo": "rust-overlay",
        "rev": "b1b998b47b15bc5e18a1b364c9c4f145bb0a3931",
        "type": "github"
      },
      "original": {
        "owner": "oxalica",
        "repo": "rust-overlay",
        "type": "github"
      }
    }
  },
  "root": "root",
  "version": 7
}
